
Microsoft Visual Studio Solution File, Format Version 12.00
# Visual Studio Version 16
VisualStudioVersion = 16.0.28729.10
MinimumVisualStudioVersion = 10.0.40219.1
Project("{2150E333-8FDC-42A3-9474-1A3956D46DE8}") = "src", "src", "{BFD4D9CF-A8BF-486D-8AEE-8DE938A8580A}"
EndProject
Project("{2150E333-8FDC-42A3-9474-1A3956D46DE8}") = "Solution Items", "Solution Items", "{6A4B45AF-B98E-4651-AF6A-62E3DD9D4F76}"
EndProject
Project("{2150E333-8FDC-42A3-9474-1A3956D46DE8}") = "test", "test", "{C58845D1-ACFD-476B-B02F-B701D33D0F01}"
EndProject
Project("{9A19103F-16F7-4668-BE54-9A1E7A4F7556}") = "Tailspin.Surveys.Web", "src\Tailspin.Surveys.Web\Tailspin.Surveys.Web.csproj", "{5024C26E-E7BB-4BED-B86B-548B8B29A630}"
EndProject
Project("{9A19103F-16F7-4668-BE54-9A1E7A4F7556}") = "Tailspin.Surveys.Data", "src\Tailspin.Surveys.Data\Tailspin.Surveys.Data.csproj", "{E8D6A46A-2BF8-4E1E-8595-492BF4D3490A}"
EndProject
Project("{9A19103F-16F7-4668-BE54-9A1E7A4F7556}") = "Tailspin.Surveys.Tests", "test\Tailspin.Surveys.Tests\Tailspin.Surveys.Tests.csproj", "{2CCD6384-68AE-4D6B-9BF6-AC4FFC1B3B27}"
EndProject
Project("{9A19103F-16F7-4668-BE54-9A1E7A4F7556}") = "Tailspin.Surveys.WebAPI", "src\Tailspin.Surveys.WebAPI\Tailspin.Surveys.WebAPI.csproj", "{714DA7D6-1CE1-4EA9-AF4E-91D901D50411}"
EndProject
Project("{9A19103F-16F7-4668-BE54-9A1E7A4F7556}") = "Tailspin.Surveys.TokenStorage", "src\Tailspin.Surveys.TokenStorage\Tailspin.Surveys.TokenStorage.csproj", "{D6317A55-173C-46CB-9C2C-797406638F0F}"
EndProject
Project("{9A19103F-16F7-4668-BE54-9A1E7A4F7556}") = "Tailspin.Surveys.Common", "src\Tailspin.Surveys.Common\Tailspin.Surveys.Common.csproj", "{AF723D05-6DE2-4133-AA3F-F2B7EF11DC9D}"
EndProject
Project("{9A19103F-16F7-4668-BE54-9A1E7A4F7556}") = "Tailspin.Surveys.Security", "src\Tailspin.Surveys.Security\Tailspin.Surveys.Security.csproj", "{06CDE42E-22B9-4E48-BAB8-8E26BA8B5A21}"
EndProject
Project("{9A19103F-16F7-4668-BE54-9A1E7A4F7556}") = "Shyams.Surveys.Web", "src\Shyams.Surveys.Web\Shyams.Surveys.Web.csproj", "{05839A83-9E6E-4BF0-BB44-6159224A5946}"
EndProject
Project("{9A19103F-16F7-4668-BE54-9A1E7A4F7556}") = "Shyams.Surveys.WebAPI", "src\Shyams.Surveys.WebAPI\Shyams.Surveys.WebAPI.csproj", "{350337EB-4D8F-4AE3-BEA4-6C378B9F4B88}"
EndProject
Project("{9A19103F-16F7-4668-BE54-9A1E7A4F7556}") = "Shyams.Surveys.Common", "src\Shyams.Surveys.Common\Shyams.Surveys.Common.csproj", "{D9F9EE3C-66BA-4BC1-8E24-BCFCC1B0A2A1}"
EndProject
Project("{9A19103F-16F7-4668-BE54-9A1E7A4F7556}") = "Shyams.Surveys.Data", "src\Shyams.Surveys.Data\Shyams.Surveys.Data.csproj", "{6BD97809-E2A9-4CF7-B23A-1E65181EE6BA}"
EndProject
Project("{9A19103F-16F7-4668-BE54-9A1E7A4F7556}") = "Shyams.Surveys.Security", "src\Shyams.Surveys.Security\Shyams.Surveys.Security.csproj", "{67DF4982-40D4-465B-8AFE-2D05025C0DD3}"
EndProject
Project("{FAE04EC0-301F-11D3-BF4B-00C04F79EFBC}") = "Shyams.Surveys.TokenStorage", "src\Shyams.Surveys.TokenStorage\Shyams.Surveys.TokenStorage.csproj", "{6B456FC5-DF32-4ED8-9F60-075166F0B479}"
EndProject
Global
	GlobalSection(SolutionConfigurationPlatforms) = preSolution
		Debug|Any CPU = Debug|Any CPU
		Debug|x86 = Debug|x86
		Release|Any CPU = Release|Any CPU
		Release|x86 = Release|x86
	EndGlobalSection
	GlobalSection(ProjectConfigurationPlatforms) = postSolution
		{5024C26E-E7BB-4BED-B86B-548B8B29A630}.Debug|Any CPU.ActiveCfg = Debug|Any CPU
		{5024C26E-E7BB-4BED-B86B-548B8B29A630}.Debug|Any CPU.Build.0 = Debug|Any CPU
		{5024C26E-E7BB-4BED-B86B-548B8B29A630}.Debug|x86.ActiveCfg = Debug|Any CPU
		{5024C26E-E7BB-4BED-B86B-548B8B29A630}.Debug|x86.Build.0 = Debug|Any CPU
		{5024C26E-E7BB-4BED-B86B-548B8B29A630}.Release|Any CPU.ActiveCfg = Release|Any CPU
		{5024C26E-E7BB-4BED-B86B-548B8B29A630}.Release|Any CPU.Build.0 = Release|Any CPU
		{5024C26E-E7BB-4BED-B86B-548B8B29A630}.Release|x86.ActiveCfg = Release|Any CPU
		{5024C26E-E7BB-4BED-B86B-548B8B29A630}.Release|x86.Build.0 = Release|Any CPU
		{E8D6A46A-2BF8-4E1E-8595-492BF4D3490A}.Debug|Any CPU.ActiveCfg = Debug|Any CPU
		{E8D6A46A-2BF8-4E1E-8595-492BF4D3490A}.Debug|Any CPU.Build.0 = Debug|Any CPU
		{E8D6A46A-2BF8-4E1E-8595-492BF4D3490A}.Debug|x86.ActiveCfg = Debug|Any CPU
		{E8D6A46A-2BF8-4E1E-8595-492BF4D3490A}.Debug|x86.Build.0 = Debug|Any CPU
		{E8D6A46A-2BF8-4E1E-8595-492BF4D3490A}.Release|Any CPU.ActiveCfg = Release|Any CPU
		{E8D6A46A-2BF8-4E1E-8595-492BF4D3490A}.Release|Any CPU.Build.0 = Release|Any CPU
		{E8D6A46A-2BF8-4E1E-8595-492BF4D3490A}.Release|x86.ActiveCfg = Release|Any CPU
		{E8D6A46A-2BF8-4E1E-8595-492BF4D3490A}.Release|x86.Build.0 = Release|Any CPU
		{2CCD6384-68AE-4D6B-9BF6-AC4FFC1B3B27}.Debug|Any CPU.ActiveCfg = Debug|Any CPU
		{2CCD6384-68AE-4D6B-9BF6-AC4FFC1B3B27}.Debug|Any CPU.Build.0 = Debug|Any CPU
		{2CCD6384-68AE-4D6B-9BF6-AC4FFC1B3B27}.Debug|x86.ActiveCfg = Debug|Any CPU
		{2CCD6384-68AE-4D6B-9BF6-AC4FFC1B3B27}.Debug|x86.Build.0 = Debug|Any CPU
		{2CCD6384-68AE-4D6B-9BF6-AC4FFC1B3B27}.Release|Any CPU.ActiveCfg = Release|Any CPU
		{2CCD6384-68AE-4D6B-9BF6-AC4FFC1B3B27}.Release|Any CPU.Build.0 = Release|Any CPU
		{2CCD6384-68AE-4D6B-9BF6-AC4FFC1B3B27}.Release|x86.ActiveCfg = Release|Any CPU
		{2CCD6384-68AE-4D6B-9BF6-AC4FFC1B3B27}.Release|x86.Build.0 = Release|Any CPU
		{714DA7D6-1CE1-4EA9-AF4E-91D901D50411}.Debug|Any CPU.ActiveCfg = Debug|Any CPU
		{714DA7D6-1CE1-4EA9-AF4E-91D901D50411}.Debug|Any CPU.Build.0 = Debug|Any CPU
		{714DA7D6-1CE1-4EA9-AF4E-91D901D50411}.Debug|x86.ActiveCfg = Debug|Any CPU
		{714DA7D6-1CE1-4EA9-AF4E-91D901D50411}.Debug|x86.Build.0 = Debug|Any CPU
		{714DA7D6-1CE1-4EA9-AF4E-91D901D50411}.Release|Any CPU.ActiveCfg = Release|Any CPU
		{714DA7D6-1CE1-4EA9-AF4E-91D901D50411}.Release|Any CPU.Build.0 = Release|Any CPU
		{714DA7D6-1CE1-4EA9-AF4E-91D901D50411}.Release|x86.ActiveCfg = Release|Any CPU
		{714DA7D6-1CE1-4EA9-AF4E-91D901D50411}.Release|x86.Build.0 = Release|Any CPU
		{D6317A55-173C-46CB-9C2C-797406638F0F}.Debug|Any CPU.ActiveCfg = Debug|Any CPU
		{D6317A55-173C-46CB-9C2C-797406638F0F}.Debug|Any CPU.Build.0 = Debug|Any CPU
		{D6317A55-173C-46CB-9C2C-797406638F0F}.Debug|x86.ActiveCfg = Debug|Any CPU
		{D6317A55-173C-46CB-9C2C-797406638F0F}.Debug|x86.Build.0 = Debug|Any CPU
		{D6317A55-173C-46CB-9C2C-797406638F0F}.Release|Any CPU.ActiveCfg = Release|Any CPU
		{D6317A55-173C-46CB-9C2C-797406638F0F}.Release|Any CPU.Build.0 = Release|Any CPU
		{D6317A55-173C-46CB-9C2C-797406638F0F}.Release|x86.ActiveCfg = Release|Any CPU
		{D6317A55-173C-46CB-9C2C-797406638F0F}.Release|x86.Build.0 = Release|Any CPU
		{AF723D05-6DE2-4133-AA3F-F2B7EF11DC9D}.Debug|Any CPU.ActiveCfg = Debug|Any CPU
		{AF723D05-6DE2-4133-AA3F-F2B7EF11DC9D}.Debug|Any CPU.Build.0 = Debug|Any CPU
		{AF723D05-6DE2-4133-AA3F-F2B7EF11DC9D}.Debug|x86.ActiveCfg = Debug|Any CPU
		{AF723D05-6DE2-4133-AA3F-F2B7EF11DC9D}.Debug|x86.Build.0 = Debug|Any CPU
		{AF723D05-6DE2-4133-AA3F-F2B7EF11DC9D}.Release|Any CPU.ActiveCfg = Release|Any CPU
		{AF723D05-6DE2-4133-AA3F-F2B7EF11DC9D}.Release|Any CPU.Build.0 = Release|Any CPU
		{AF723D05-6DE2-4133-AA3F-F2B7EF11DC9D}.Release|x86.ActiveCfg = Release|Any CPU
		{AF723D05-6DE2-4133-AA3F-F2B7EF11DC9D}.Release|x86.Build.0 = Release|Any CPU
		{06CDE42E-22B9-4E48-BAB8-8E26BA8B5A21}.Debug|Any CPU.ActiveCfg = Debug|Any CPU
		{06CDE42E-22B9-4E48-BAB8-8E26BA8B5A21}.Debug|Any CPU.Build.0 = Debug|Any CPU
		{06CDE42E-22B9-4E48-BAB8-8E26BA8B5A21}.Debug|x86.ActiveCfg = Debug|Any CPU
		{06CDE42E-22B9-4E48-BAB8-8E26BA8B5A21}.Debug|x86.Build.0 = Debug|Any CPU
		{06CDE42E-22B9-4E48-BAB8-8E26BA8B5A21}.Release|Any CPU.ActiveCfg = Release|Any CPU
		{06CDE42E-22B9-4E48-BAB8-8E26BA8B5A21}.Release|Any CPU.Build.0 = Release|Any CPU
		{06CDE42E-22B9-4E48-BAB8-8E26BA8B5A21}.Release|x86.ActiveCfg = Release|Any CPU
		{06CDE42E-22B9-4E48-BAB8-8E26BA8B5A21}.Release|x86.Build.0 = Release|Any CPU
		{05839A83-9E6E-4BF0-BB44-6159224A5946}.Debug|Any CPU.ActiveCfg = Debug|Any CPU
		{05839A83-9E6E-4BF0-BB44-6159224A5946}.Debug|Any CPU.Build.0 = Debug|Any CPU
		{05839A83-9E6E-4BF0-BB44-6159224A5946}.Debug|x86.ActiveCfg = Debug|Any CPU
		{05839A83-9E6E-4BF0-BB44-6159224A5946}.Debug|x86.Build.0 = Debug|Any CPU
		{05839A83-9E6E-4BF0-BB44-6159224A5946}.Release|Any CPU.ActiveCfg = Release|Any CPU
		{05839A83-9E6E-4BF0-BB44-6159224A5946}.Release|Any CPU.Build.0 = Release|Any CPU
		{05839A83-9E6E-4BF0-BB44-6159224A5946}.Release|x86.ActiveCfg = Release|Any CPU
		{05839A83-9E6E-4BF0-BB44-6159224A5946}.Release|x86.Build.0 = Release|Any CPU
		{350337EB-4D8F-4AE3-BEA4-6C378B9F4B88}.Debug|Any CPU.ActiveCfg = Debug|Any CPU
		{350337EB-4D8F-4AE3-BEA4-6C378B9F4B88}.Debug|Any CPU.Build.0 = Debug|Any CPU
		{350337EB-4D8F-4AE3-BEA4-6C378B9F4B88}.Debug|x86.ActiveCfg = Debug|Any CPU
		{350337EB-4D8F-4AE3-BEA4-6C378B9F4B88}.Debug|x86.Build.0 = Debug|Any CPU
		{350337EB-4D8F-4AE3-BEA4-6C378B9F4B88}.Release|Any CPU.ActiveCfg = Release|Any CPU
		{350337EB-4D8F-4AE3-BEA4-6C378B9F4B88}.Release|Any CPU.Build.0 = Release|Any CPU
		{350337EB-4D8F-4AE3-BEA4-6C378B9F4B88}.Release|x86.ActiveCfg = Release|Any CPU
		{350337EB-4D8F-4AE3-BEA4-6C378B9F4B88}.Release|x86.Build.0 = Release|Any CPU
		{D9F9EE3C-66BA-4BC1-8E24-BCFCC1B0A2A1}.Debug|Any CPU.ActiveCfg = Debug|Any CPU
		{D9F9EE3C-66BA-4BC1-8E24-BCFCC1B0A2A1}.Debug|Any CPU.Build.0 = Debug|Any CPU
		{D9F9EE3C-66BA-4BC1-8E24-BCFCC1B0A2A1}.Debug|x86.ActiveCfg = Debug|Any CPU
		{D9F9EE3C-66BA-4BC1-8E24-BCFCC1B0A2A1}.Debug|x86.Build.0 = Debug|Any CPU
		{D9F9EE3C-66BA-4BC1-8E24-BCFCC1B0A2A1}.Release|Any CPU.ActiveCfg = Release|Any CPU
		{D9F9EE3C-66BA-4BC1-8E24-BCFCC1B0A2A1}.Release|Any CPU.Build.0 = Release|Any CPU
		{D9F9EE3C-66BA-4BC1-8E24-BCFCC1B0A2A1}.Release|x86.ActiveCfg = Release|Any CPU
		{D9F9EE3C-66BA-4BC1-8E24-BCFCC1B0A2A1}.Release|x86.Build.0 = Release|Any CPU
		{6BD97809-E2A9-4CF7-B23A-1E65181EE6BA}.Debug|Any CPU.ActiveCfg = Debug|Any CPU
		{6BD97809-E2A9-4CF7-B23A-1E65181EE6BA}.Debug|Any CPU.Build.0 = Debug|Any CPU
		{6BD97809-E2A9-4CF7-B23A-1E65181EE6BA}.Debug|x86.ActiveCfg = Debug|Any CPU
		{6BD97809-E2A9-4CF7-B23A-1E65181EE6BA}.Debug|x86.Build.0 = Debug|Any CPU
		{6BD97809-E2A9-4CF7-B23A-1E65181EE6BA}.Release|Any CPU.ActiveCfg = Release|Any CPU
		{6BD97809-E2A9-4CF7-B23A-1E65181EE6BA}.Release|Any CPU.Build.0 = Release|Any CPU
		{6BD97809-E2A9-4CF7-B23A-1E65181EE6BA}.Release|x86.ActiveCfg = Release|Any CPU
		{6BD97809-E2A9-4CF7-B23A-1E65181EE6BA}.Release|x86.Build.0 = Release|Any CPU
		{67DF4982-40D4-465B-8AFE-2D05025C0DD3}.Debug|Any CPU.ActiveCfg = Debug|Any CPU
		{67DF4982-40D4-465B-8AFE-2D05025C0DD3}.Debug|Any CPU.Build.0 = Debug|Any CPU
		{67DF4982-40D4-465B-8AFE-2D05025C0DD3}.Debug|x86.ActiveCfg = Debug|Any CPU
		{67DF4982-40D4-465B-8AFE-2D05025C0DD3}.Debug|x86.Build.0 = Debug|Any CPU
		{67DF4982-40D4-465B-8AFE-2D05025C0DD3}.Release|Any CPU.ActiveCfg = Release|Any CPU
		{67DF4982-40D4-465B-8AFE-2D05025C0DD3}.Release|Any CPU.Build.0 = Release|Any CPU
		{67DF4982-40D4-465B-8AFE-2D05025C0DD3}.Release|x86.ActiveCfg = Release|Any CPU
		{67DF4982-40D4-465B-8AFE-2D05025C0DD3}.Release|x86.Build.0 = Release|Any CPU
		{6B456FC5-DF32-4ED8-9F60-075166F0B479}.Debug|Any CPU.ActiveCfg = Debug|Any CPU
		{6B456FC5-DF32-4ED8-9F60-075166F0B479}.Debug|Any CPU.Build.0 = Debug|Any CPU
		{6B456FC5-DF32-4ED8-9F60-075166F0B479}.Debug|x86.ActiveCfg = Debug|Any CPU
		{6B456FC5-DF32-4ED8-9F60-075166F0B479}.Debug|x86.Build.0 = Debug|Any CPU
		{6B456FC5-DF32-4ED8-9F60-075166F0B479}.Release|Any CPU.ActiveCfg = Release|Any CPU
		{6B456FC5-DF32-4ED8-9F60-075166F0B479}.Release|Any CPU.Build.0 = Release|Any CPU
		{6B456FC5-DF32-4ED8-9F60-075166F0B479}.Release|x86.ActiveCfg = Release|Any CPU
		{6B456FC5-DF32-4ED8-9F60-075166F0B479}.Release|x86.Build.0 = Release|Any CPU
	EndGlobalSection
	GlobalSection(SolutionProperties) = preSolution
		HideSolutionNode = FALSE
	EndGlobalSection
	GlobalSection(NestedProjects) = preSolution
		{5024C26E-E7BB-4BED-B86B-548B8B29A630} = {BFD4D9CF-A8BF-486D-8AEE-8DE938A8580A}
		{E8D6A46A-2BF8-4E1E-8595-492BF4D3490A} = {BFD4D9CF-A8BF-486D-8AEE-8DE938A8580A}
		{2CCD6384-68AE-4D6B-9BF6-AC4FFC1B3B27} = {C58845D1-ACFD-476B-B02F-B701D33D0F01}
		{714DA7D6-1CE1-4EA9-AF4E-91D901D50411} = {BFD4D9CF-A8BF-486D-8AEE-8DE938A8580A}
		{D6317A55-173C-46CB-9C2C-797406638F0F} = {BFD4D9CF-A8BF-486D-8AEE-8DE938A8580A}
		{AF723D05-6DE2-4133-AA3F-F2B7EF11DC9D} = {BFD4D9CF-A8BF-486D-8AEE-8DE938A8580A}
		{06CDE42E-22B9-4E48-BAB8-8E26BA8B5A21} = {BFD4D9CF-A8BF-486D-8AEE-8DE938A8580A}
		{05839A83-9E6E-4BF0-BB44-6159224A5946} = {BFD4D9CF-A8BF-486D-8AEE-8DE938A8580A}
		{350337EB-4D8F-4AE3-BEA4-6C378B9F4B88} = {BFD4D9CF-A8BF-486D-8AEE-8DE938A8580A}
		{D9F9EE3C-66BA-4BC1-8E24-BCFCC1B0A2A1} = {BFD4D9CF-A8BF-486D-8AEE-8DE938A8580A}
		{6BD97809-E2A9-4CF7-B23A-1E65181EE6BA} = {BFD4D9CF-A8BF-486D-8AEE-8DE938A8580A}
		{67DF4982-40D4-465B-8AFE-2D05025C0DD3} = {BFD4D9CF-A8BF-486D-8AEE-8DE938A8580A}
		{6B456FC5-DF32-4ED8-9F60-075166F0B479} = {BFD4D9CF-A8BF-486D-8AEE-8DE938A8580A}
	EndGlobalSection
	GlobalSection(ExtensibilityGlobals) = postSolution
		SolutionGuid = {7310844A-6066-4460-97EA-449A389A32B0}
	EndGlobalSection
EndGlobal
